
Microsoft Visual Studio Solution File, Format Version 12.00
# Visual Studio Version 17
VisualStudioVersion = 17.10.35122.118
MinimumVisualStudioVersion = 10.0.40219.1
Project("{8BC9CEB8-8B4A-11D0-8D11-00A0C91BC942}") = "GestorDeEstudio", "GestorDeEstudio\GestorDeEstudio.vcxproj", "{7D512935-3EB2-4174-886A-3C2BA4D93096}"
EndProject
Global
	GlobalSection(SolutionConfigurationPlatforms) = preSolution
		Debug|x64 = Debug|x64
		Debug|x86 = Debug|x86
		Release|x64 = Release|x64
		Release|x86 = Release|x86
	EndGlobalSection
	GlobalSection(ProjectConfigurationPlatforms) = postSolution
		{7D512935-3EB2-4174-886A-3C2BA4D93096}.Debug|x64.ActiveCfg = Debug|x64
		{7D512935-3EB2-4174-886A-3C2BA4D93096}.Debug|x64.Build.0 = Debug|x64
		{7D512935-3EB2-4174-886A-3C2BA4D93096}.Debug|x86.ActiveCfg = Debug|Win32
		{7D512935-3EB2-4174-886A-3C2BA4D93096}.Debug|x86.Build.0 = Debug|Win32
		{7D512935-3EB2-4174-886A-3C2BA4D93096}.Release|x64.ActiveCfg = Release|x64
		{7D512935-3EB2-4174-886A-3C2BA4D93096}.Release|x64.Build.0 = Release|x64
		{7D512935-3EB2-4174-886A-3C2BA4D93096}.Release|x86.ActiveCfg = Release|Win32
		{7D512935-3EB2-4174-886A-3C2BA4D93096}.Release|x86.Build.0 = Release|Win32
	EndGlobalSection
	GlobalSection(SolutionProperties) = preSolution
		HideSolutionNode = FALSE
	EndGlobalSection
	GlobalSection(ExtensibilityGlobals) = postSolution
		SolutionGuid = {39BFD5C2-80DE-42F9-82FE-8D412334902D}
	EndGlobalSection
EndGlobal
